
Microsoft Visual Studio Solution File, Format Version 12.00
# Visual Studio Version 17
VisualStudioVersion = 17.11.35327.3
MinimumVisualStudioVersion = 10.0.40219.1
Project("{9A19103F-16F7-4668-BE54-9A1E7A4F7556}") = "Api", "Api\Api.csproj", "{23B9484A-6394-4248-93B6-BAF026F8819A}"
EndProject
Project("{9A19103F-16F7-4668-BE54-9A1E7A4F7556}") = "Application", "Application\Application.csproj", "{D7337137-04D9-4EAC-AFB5-5D3C989408D9}"
EndProject
Project("{9A19103F-16F7-4668-BE54-9A1E7A4F7556}") = "Domain", "Domain\Domain.csproj", "{DC95DE05-E8ED-4166-8911-7117C46D8CA6}"
EndProject
Project("{9A19103F-16F7-4668-BE54-9A1E7A4F7556}") = "Infrastructure", "Infrastructure\Infrastructure.csproj", "{F6455D2D-9C6C-4EAC-A4ED-D6912F0D2ED4}"
EndProject
Project("{2150E333-8FDC-42A3-9474-1A3956D46DE8}") = "Testes", "Testes", "{F7B38514-1850-47C9-B4D9-2B6CF16F1F6B}"
EndProject
Project("{FAE04EC0-301F-11D3-BF4B-00C04F79EFBC}") = "Api.UnitTests", "Testes\Api.UnitTests\Api.UnitTests.csproj", "{0515A11B-915E-4D48-A5A9-31E291BEAEB0}"
EndProject
Project("{FAE04EC0-301F-11D3-BF4B-00C04F79EFBC}") = "Application.UnitTests", "Testes\Application.UnitTests\Application.UnitTests.csproj", "{8BF3423D-182A-45CD-9C41-9ADAFBDB3217}"
EndProject
Project("{FAE04EC0-301F-11D3-BF4B-00C04F79EFBC}") = "Domain.UnitTests", "Testes\Domain.UnitTests\Domain.UnitTests.csproj", "{BE5AF1C4-70CB-41C8-B989-70C323186DA9}"
EndProject
Global
	GlobalSection(SolutionConfigurationPlatforms) = preSolution
		Debug|Any CPU = Debug|Any CPU
		Release|Any CPU = Release|Any CPU
	EndGlobalSection
	GlobalSection(ProjectConfigurationPlatforms) = postSolution
		{23B9484A-6394-4248-93B6-BAF026F8819A}.Debug|Any CPU.ActiveCfg = Debug|Any CPU
		{23B9484A-6394-4248-93B6-BAF026F8819A}.Debug|Any CPU.Build.0 = Debug|Any CPU
		{23B9484A-6394-4248-93B6-BAF026F8819A}.Release|Any CPU.ActiveCfg = Release|Any CPU
		{23B9484A-6394-4248-93B6-BAF026F8819A}.Release|Any CPU.Build.0 = Release|Any CPU
		{D7337137-04D9-4EAC-AFB5-5D3C989408D9}.Debug|Any CPU.ActiveCfg = Debug|Any CPU
		{D7337137-04D9-4EAC-AFB5-5D3C989408D9}.Debug|Any CPU.Build.0 = Debug|Any CPU
		{D7337137-04D9-4EAC-AFB5-5D3C989408D9}.Release|Any CPU.ActiveCfg = Release|Any CPU
		{D7337137-04D9-4EAC-AFB5-5D3C989408D9}.Release|Any CPU.Build.0 = Release|Any CPU
		{DC95DE05-E8ED-4166-8911-7117C46D8CA6}.Debug|Any CPU.ActiveCfg = Debug|Any CPU
		{DC95DE05-E8ED-4166-8911-7117C46D8CA6}.Debug|Any CPU.Build.0 = Debug|Any CPU
		{DC95DE05-E8ED-4166-8911-7117C46D8CA6}.Release|Any CPU.ActiveCfg = Release|Any CPU
		{DC95DE05-E8ED-4166-8911-7117C46D8CA6}.Release|Any CPU.Build.0 = Release|Any CPU
		{F6455D2D-9C6C-4EAC-A4ED-D6912F0D2ED4}.Debug|Any CPU.ActiveCfg = Debug|Any CPU
		{F6455D2D-9C6C-4EAC-A4ED-D6912F0D2ED4}.Debug|Any CPU.Build.0 = Debug|Any CPU
		{F6455D2D-9C6C-4EAC-A4ED-D6912F0D2ED4}.Release|Any CPU.ActiveCfg = Release|Any CPU
		{F6455D2D-9C6C-4EAC-A4ED-D6912F0D2ED4}.Release|Any CPU.Build.0 = Release|Any CPU
		{0515A11B-915E-4D48-A5A9-31E291BEAEB0}.Debug|Any CPU.ActiveCfg = Debug|Any CPU
		{0515A11B-915E-4D48-A5A9-31E291BEAEB0}.Debug|Any CPU.Build.0 = Debug|Any CPU
		{0515A11B-915E-4D48-A5A9-31E291BEAEB0}.Release|Any CPU.ActiveCfg = Release|Any CPU
		{0515A11B-915E-4D48-A5A9-31E291BEAEB0}.Release|Any CPU.Build.0 = Release|Any CPU
		{8BF3423D-182A-45CD-9C41-9ADAFBDB3217}.Debug|Any CPU.ActiveCfg = Debug|Any CPU
		{8BF3423D-182A-45CD-9C41-9ADAFBDB3217}.Debug|Any CPU.Build.0 = Debug|Any CPU
		{8BF3423D-182A-45CD-9C41-9ADAFBDB3217}.Release|Any CPU.ActiveCfg = Release|Any CPU
		{8BF3423D-182A-45CD-9C41-9ADAFBDB3217}.Release|Any CPU.Build.0 = Release|Any CPU
		{BE5AF1C4-70CB-41C8-B989-70C323186DA9}.Debug|Any CPU.ActiveCfg = Debug|Any CPU
		{BE5AF1C4-70CB-41C8-B989-70C323186DA9}.Debug|Any CPU.Build.0 = Debug|Any CPU
		{BE5AF1C4-70CB-41C8-B989-70C323186DA9}.Release|Any CPU.ActiveCfg = Release|Any CPU
		{BE5AF1C4-70CB-41C8-B989-70C323186DA9}.Release|Any CPU.Build.0 = Release|Any CPU
	EndGlobalSection
	GlobalSection(SolutionProperties) = preSolution
		HideSolutionNode = FALSE
	EndGlobalSection
	GlobalSection(NestedProjects) = preSolution
		{0515A11B-915E-4D48-A5A9-31E291BEAEB0} = {F7B38514-1850-47C9-B4D9-2B6CF16F1F6B}
		{8BF3423D-182A-45CD-9C41-9ADAFBDB3217} = {F7B38514-1850-47C9-B4D9-2B6CF16F1F6B}
		{BE5AF1C4-70CB-41C8-B989-70C323186DA9} = {F7B38514-1850-47C9-B4D9-2B6CF16F1F6B}
	EndGlobalSection
	GlobalSection(ExtensibilityGlobals) = postSolution
		SolutionGuid = {E24F076B-8614-4BD6-BB9C-F8FB58C0994B}
	EndGlobalSection
EndGlobal
